# This file is autogenerated, do not edit; changes may be undone by the next 'dep ensure'.


[[projects]]
  digest = "1:80e5d0810f1448259385b08f381852a83f87b6c958d8500e621db821e15c3771"
  name = "cloud.google.com/go"
  packages = ["compute/metadata"]
  pruneopts = ""
  revision = "cdaaf98f9226c39dc162b8e55083b2fbc67b4674"
  version = "v0.43.0"

[[projects]]
  digest = "1:be4413f858a3de9704de44e309f7b0691cb99f3640aa1dac4c361324935bd6cf"
  name = "github.com/Azure/go-autorest"
  packages = [
    "autorest",
    "autorest/adal",
    "autorest/azure",
    "autorest/date",
    "logger",
    "version",
  ]
  pruneopts = ""
  revision = "9bc4033dd347c7f416fca46b2f42a043dc1fbdf6"
  version = "v10.15.5"

[[projects]]
  digest = "1:c6c89fc1bc2ab5d7096d2852764446311823ccd503b7fc6cd41e9a9e3fa83aac"
  name = "github.com/GoogleContainerTools/skaffold"
  packages = [
    "pkg/skaffold/color",
    "pkg/skaffold/kubernetes",
    "pkg/skaffold/util",
  ]
  pruneopts = ""
  revision = "68fe5670b38a19cc5f689040ad2088c5bdeea779"
  version = "v0.33.0"

[[projects]]
  digest = "1:79882d9a567ed3015a12e4f59d0845ccb99efac07346cf8cf5c71b7e935ede84"
  name = "github.com/Microsoft/go-winio"
  packages = [
    ".",
    "pkg/guid",
  ]
  pruneopts = ""
  revision = "a969fb018bd3439cc50861ce06796c40430e3a65"
  version = "v0.4.13"

[[projects]]
  branch = "master"
  digest = "1:a6a3ce6ff165f9a640e57773c90eb594d68974edc877500649707daddae7fd39"
  name = "github.com/armon/go-metrics"
  packages = ["."]
  pruneopts = ""
  revision = "ec5e00d3c878b2a97bbe0884ef45ffd1b4f669f5"

[[projects]]
  digest = "1:62b5ceea3e7dd61250cc3dc0b34d252702344bef149afc42941b289ca1517f66"
  name = "github.com/avast/retry-go"
  packages = ["."]
  pruneopts = ""
  revision = "101acd3290b786bf437607d874596e3996484d8d"
  version = "v2.4.1"

[[projects]]
  digest = "1:141635a36d65611d06a05ec1d17be950e386426b6540169fe7c9476df41f6493"
  name = "github.com/cpuguy83/go-md2man"
  packages = ["md2man"]
  pruneopts = ""
  revision = "7762f7e404f8416dfa1d9bb6a8c192aa9acb4d19"
  version = "v1.0.10"

[[projects]]
  digest = "1:0deddd908b6b4b768cfc272c16ee61e7088a60f7fe2f06c547bd3d8e1f8b8e77"
  name = "github.com/davecgh/go-spew"
  packages = ["spew"]
  pruneopts = ""
  revision = "8991bc29aa16c548c550c7ff78260e27b9ab7c73"
  version = "v1.1.1"

[[projects]]
  digest = "1:6098222470fe0172157ce9bbef5d2200df4edde17ee649c5d6e48330e4afa4c6"
  name = "github.com/dgrijalva/jwt-go"
  packages = ["."]
  pruneopts = ""
  revision = "06ea1031745cb8b3dab3f6a236daf2b0aa468b7e"
  version = "v3.2.0"

[[projects]]
  digest = "1:f21c1a68814ffc02db479adbd973c710e0ece6150ddc0726655c0a2048299152"
  name = "github.com/emirpasic/gods"
  packages = [
    "containers",
    "lists",
    "lists/arraylist",
    "trees",
    "trees/binaryheap",
    "utils",
  ]
  pruneopts = ""
  revision = "1615341f118ae12f353cc8a983f35b584342c9b3"
  version = "v1.12.0"

[[projects]]
  digest = "1:bae6eb1d06ea8ceca8973c3033ac8369706e126bc50f5d991b8e5bbd9a43904b"
  name = "github.com/fgrosse/zaptest"
  packages = ["."]
  pruneopts = ""
  revision = "c15df62b6d517f1bc693998900e3e2cd28319b7f"
  version = "v1.1.0"

[[projects]]
  digest = "1:eb53021a8aa3f599d29c7102e65026242bdedce998a54837dc67f14b6a97c5fd"
  name = "github.com/fsnotify/fsnotify"
  packages = ["."]
  pruneopts = ""
  revision = "c2828203cd70a50dcccfb2761f8b1f8ceef9a8e9"
  version = "v1.4.7"

[[projects]]
  digest = "1:b13707423743d41665fd23f0c36b2f37bb49c30e94adb813319c44188a51ba22"
  name = "github.com/ghodss/yaml"
  packages = ["."]
  pruneopts = ""
  revision = "0ca9ea5df5451ffdf184b4428c902747c2c11cd7"
  version = "v1.0.0"

[[projects]]
  digest = "1:20cbe272327eabe7f842ccaa7ffa69cbb118713df02822bbd60efad295694876"
  name = "github.com/go-delve/delve"
  packages = [
    "pkg/dwarf/frame",
    "pkg/dwarf/godwarf",
    "pkg/dwarf/line",
    "pkg/dwarf/op",
    "pkg/dwarf/reader",
    "pkg/dwarf/util",
    "pkg/goversion",
    "pkg/logflags",
    "pkg/proc",
    "pkg/proc/core",
    "pkg/proc/core/minidump",
    "pkg/proc/fbsdutil",
    "pkg/proc/gdbserial",
    "pkg/proc/linutil",
    "pkg/proc/native",
    "pkg/proc/winutil",
    "service",
    "service/api",
    "service/debugger",
    "service/rpc1",
  ]
  pruneopts = ""
  revision = "dd3c2d63cc5b2aa84d7970eca0c91b45c71e9dd9"
  version = "v1.3.1"

[[projects]]
  digest = "1:8a7fe65e9ac2612c4df602cc9f014a92406776d993ff0f28335e5a8831d87c53"
  name = "github.com/gogo/protobuf"
  packages = [
    "gogoproto",
    "jsonpb",
    "proto",
    "protoc-gen-gogo/descriptor",
    "protoc-gen-gogo/plugin",
    "sortkeys",
    "types",
  ]
  pruneopts = ""
  revision = "0ca988a254f991240804bf9821f3450d87ccbb1b"
  version = "v1.3.0"

[[projects]]
  branch = "master"
  digest = "1:107b233e45174dbab5b1324201d092ea9448e58243ab9f039e4c0f332e121e3a"
  name = "github.com/golang/glog"
  packages = ["."]
  pruneopts = ""
  revision = "23def4e6c14b4da8ac2ed8007337bc5eb5007998"

[[projects]]
  digest = "1:b852d2b62be24e445fcdbad9ce3015b44c207815d631230dfce3f14e7803f5bf"
  name = "github.com/golang/protobuf"
  packages = [
    "proto",
    "protoc-gen-go/descriptor",
    "protoc-gen-go/plugin",
    "ptypes",
    "ptypes/any",
    "ptypes/duration",
    "ptypes/timestamp",
  ]
  pruneopts = ""
  revision = "6c65a5562fc06764971b7c5d05c76c75e84bdbf7"
  version = "v1.3.2"

[[projects]]
  digest = "1:6a6322a15aa8e99bd156fbba0aae4e5d67b4bb05251d860b348a45dfdcba9cce"
  name = "github.com/golang/snappy"
  packages = ["."]
  pruneopts = ""
  revision = "2a8bb927dd31d8daada140a5d09578521ce5c36a"
  version = "v0.0.1"

[[projects]]
  digest = "1:1e5b1e14524ed08301977b7b8e10c719ed853cbf3f24ecb66fae783a46f207a6"
  name = "github.com/google/btree"
  packages = ["."]
  pruneopts = ""
  revision = "4030bb1f1f0c35b30ca7009e9ebd06849dd45306"
  version = "v1.0.0"

[[projects]]
  digest = "1:fd7732932ac728900b4c3e5d664c0fd774fd3cbd2e4bb01e4fc47e954d773591"
  name = "github.com/google/go-github"
  packages = ["github"]
  pruneopts = ""
  revision = "c756c329c19dbbadba0675b42af693093c3f2c45"
  version = "v27.0.1"

[[projects]]
  digest = "1:cea4aa2038169ee558bf507d5ea02c94ca85bcca28a4c7bb99fd59b31e43a686"
  name = "github.com/google/go-querystring"
  packages = ["query"]
  pruneopts = ""
  revision = "44c6ddd0a2342c386950e880b658017258da92fc"
  version = "v1.0.0"

[[projects]]
  digest = "1:8d4a577a9643f713c25a32151c0f26af7228b4b97a219b5ddb7fd38d16f6e673"
  name = "github.com/google/gofuzz"
  packages = ["."]
  pruneopts = ""
  revision = "f140a6486e521aad38f5917de355cbf147cc0496"
  version = "v1.0.0"

[[projects]]
  digest = "1:ad92aa49f34cbc3546063c7eb2cabb55ee2278b72842eda80e2a20a8a06a8d73"
  name = "github.com/google/uuid"
  packages = ["."]
  pruneopts = ""
  revision = "0cd6bf5da1e1c83f8b45653022c74f71af0538a4"
  version = "v1.1.1"

[[projects]]
  digest = "1:5facc3828b6a56f9aec988433ea33fb4407a89460952ed75be5347cec07318c0"
  name = "github.com/googleapis/gnostic"
  packages = [
    "OpenAPIv2",
    "compiler",
    "extensions",
  ]
  pruneopts = ""
  revision = "e73c7ec21d36ddb0711cb36d1502d18363b5c2c9"
  version = "v0.3.0"

[[projects]]
  digest = "1:92c898a647ed1eeb592c0077b8e318fbae6e26f559d1208932f217bd86458619"
  name = "github.com/gophercloud/gophercloud"
  packages = [
    ".",
    "openstack",
    "openstack/identity/v2/tenants",
    "openstack/identity/v2/tokens",
    "openstack/identity/v3/tokens",
    "openstack/utils",
    "pagination",
  ]
  pruneopts = ""
  revision = "157432124aab520975efedb5e54b95287785578d"
  version = "v0.2.0"

[[projects]]
  branch = "master"
  digest = "1:e1fd67b5695fb12f54f979606c5d650a5aa72ef242f8e71072bfd4f7b5a141a0"
  name = "github.com/gregjones/httpcache"
  packages = [
    ".",
    "diskcache",
  ]
  pruneopts = ""
  revision = "901d90724c7919163f472a9812253fb26761123d"

[[projects]]
  digest = "1:bbce624ec30cf1bf7a9ef4169a52055597b9d924f1780d8e1ddccf8105c86ff1"
  name = "github.com/hashicorp/consul"
  packages = ["api"]
  pruneopts = ""
  revision = "a82e6a7fd33a0d05b9b871bcaf1d7595c9b8dedc"
  version = "v1.5.2"

[[projects]]
  digest = "1:8e3bd93036b4a925fe2250d3e4f38f21cadb8ef623561cd80c3c50c114b13201"
  name = "github.com/hashicorp/errwrap"
  packages = ["."]
  pruneopts = ""
  revision = "8a6fb523712970c966eefc6b39ed2c5e74880354"
  version = "v1.0.0"

[[projects]]
  branch = "master"
  digest = "1:cfe34c2b4e9bbb1c216adbd2688f4725f3caf3ad153e2790445bec2d3dcf2b30"
  name = "github.com/hashicorp/go-cleanhttp"
  packages = ["."]
  pruneopts = ""
  revision = "d3fcbee8e1810ecee4bdbf415f42f84cfd0e3361"

[[projects]]
  digest = "1:1b913b0e775a9c55defad5b4549f08d848db0eb999e2f633f89730a852c0af76"
  name = "github.com/hashicorp/go-immutable-radix"
  packages = ["."]
  pruneopts = ""
  revision = "7dd1121b595e4e1bd6dd5caa78e0f5c454740379"
  version = "v1.1.0"

[[projects]]
  digest = "1:72308fdd6d5ef61106a95be7ca72349a5565809042b6426a3cfb61d99483b824"
  name = "github.com/hashicorp/go-multierror"
  packages = ["."]
  pruneopts = ""
  revision = "886a7fbe3eb1c874d46f623bfa70af45f425b3d1"
  version = "v1.0.0"

[[projects]]
  digest = "1:0e2d55461c960fad1050dafc69c1fe2a41d5719dc6bfa7c0b74faf56dfdfe85c"
  name = "github.com/hashicorp/go-retryablehttp"
  packages = ["."]
  pruneopts = ""
  revision = "85a8ee556d7323a4faf0f4c17ee900e9ff1482e8"
  version = "v0.5.4"

[[projects]]
  digest = "1:1ce74de952243566df45871a9e823f3000efac179a8a75af8b1c57c49ae89d97"
  name = "github.com/hashicorp/go-rootcerts"
  packages = ["."]
  pruneopts = ""
  revision = "df8e78a645e18d56ed7bb9ae10ffb8174ab892e2"
  version = "v1.0.1"

[[projects]]
  digest = "1:24ee99da0190535baad44a5df2710ca2e116d615fcaaffcf3b79b476450af917"
  name = "github.com/hashicorp/go-sockaddr"
  packages = ["."]
  pruneopts = ""
  revision = "c7188e74f6acae5a989bdc959aa779f8b9f42faf"
  version = "v1.0.2"

[[projects]]
  branch = "master"
  digest = "1:0038a7f43b51c8b2a8cd03b5372e73f8eadfe156484c2ae8185ae836f8ebc2cd"
  name = "github.com/hashicorp/go-uuid"
  packages = ["."]
  pruneopts = ""
  revision = "4f571afc59f3043a65f8fe6bf46d887b10a01d43"

[[projects]]
  digest = "1:85f8f8d390a03287a563e215ea6bd0610c858042731a8b42062435a0dcbc485f"
  name = "github.com/hashicorp/golang-lru"
  packages = [
    ".",
    "simplelru",
  ]
  pruneopts = ""
  revision = "7087cb70de9f7a8bc0a10c375cb0d2280a8edf9c"
  version = "v0.5.1"

[[projects]]
  digest = "1:d14365c51dd1d34d5c79833ec91413bfbb166be978724f15701e17080dc06dec"
  name = "github.com/hashicorp/hcl"
  packages = [
    ".",
    "hcl/ast",
    "hcl/parser",
    "hcl/printer",
    "hcl/scanner",
    "hcl/strconv",
    "hcl/token",
    "json/parser",
    "json/scanner",
    "json/token",
  ]
  pruneopts = ""
  revision = "8cb6e5b959231cc1119e43259c4a608f9c51a241"
  version = "v1.0.0"

[[projects]]
  digest = "1:4d298692efc058ff814677015c8db92b1ac63baffa8e238382babd77e1c5fcd4"
  name = "github.com/hashicorp/serf"
  packages = ["coordinate"]
  pruneopts = ""
  revision = "15cfd05de3dffb3664aa37b06e91f970b825e380"
  version = "v0.8.3"

[[projects]]
  digest = "1:512c0a44a36b8782ca9e33a6834838b331dbb3f218d5e6279663a0ea0760dd4d"
  name = "github.com/hashicorp/vault"
  packages = [
    "api",
    "helper/compressutil",
    "helper/consts",
    "helper/hclutil",
    "helper/jsonutil",
    "helper/parseutil",
    "helper/strutil",
  ]
  pruneopts = ""
  revision = "9bc820f700f83a7c4bcab54c5323735a581b34eb"
  version = "v1.1.3"

[[projects]]
  digest = "1:b3c5b95e56c06f5aa72cb2500e6ee5f44fcd122872d4fec2023a488e561218bc"
  name = "github.com/hpcloud/tail"
  packages = [
    ".",
    "ratelimiter",
    "util",
    "watch",
    "winfile",
  ]
  pruneopts = ""
  revision = "a30252cb686a21eb2d0b98132633053ec2f7f1e5"
  version = "v1.0.0"

[[projects]]
  branch = "master"
  digest = "1:8b41cd00226c030c2a075230cd7c2030a05f2e3bab0a545ad059565f2c956b3d"
  name = "github.com/iancoleman/strcase"
  packages = ["."]
  pruneopts = ""
  revision = "e506e3ef73653e84c592ba44aab577a46678f68c"

[[projects]]
  digest = "1:b211b8d019751e9e176336f48ebaf9ebc5131114fbf7b7bfd07608d802a95de8"
  name = "github.com/ilackarms/protoc-gen-doc"
  packages = ["."]
  pruneopts = ""
  revision = "728a624b38e5ae90bb3e5da5f406e05138f1517c"
  version = "v1.0.0"

[[projects]]
  digest = "1:e679455b1e2407a7c80416f3e6d84740aa78c156553198f5983569cf32d8cd81"
  name = "github.com/ilackarms/protokit"
  packages = ["."]
  pruneopts = ""
  revision = "ee2393f3bbf04700fc5d611077496c47ec1937ed"

[[projects]]
  digest = "1:31bfd110d31505e9ffbc9478e31773bf05bf02adcaeb9b139af42684f9294c13"
  name = "github.com/imdario/mergo"
  packages = ["."]
  pruneopts = ""
  revision = "7c29201646fa3de8506f701213473dd407f19646"
  version = "v0.3.7"

[[projects]]
  digest = "1:870d441fe217b8e689d7949fef6e43efbc787e50f200cb1e70dbca9204a1d6be"
  name = "github.com/inconshreveable/mousetrap"
  packages = ["."]
  pruneopts = ""
  revision = "76626ae9c91c4f2a10f34cad8ce83ea42c93bb75"
  version = "v1.0"

[[projects]]
  branch = "master"
  digest = "1:95abc4eba158a39873bd4fabdee576d0ae13826b550f8b710881d80ae4093a0f"
  name = "github.com/jbenet/go-context"
  packages = ["io"]
  pruneopts = ""
  revision = "d14ea06fba99483203c19d92cfcd13ebe73135f4"

[[projects]]
  digest = "1:12d3de2c11e54ea37d7f00daf85088ad5e61ec4e8a1f828d6c8b657976856be7"
  name = "github.com/json-iterator/go"
  packages = ["."]
  pruneopts = ""
  revision = "0ff49de124c6f76f8494e194af75bde0f1a49a29"
  version = "v1.1.6"

[[projects]]
  digest = "1:614dcca97e62d8b0fd9cf386ff9e6493442067d49d06f4dfc4f102042fb60fc0"
  name = "github.com/k0kubun/pp"
  packages = ["."]
  pruneopts = ""
  revision = "3d73dea227e0711e38b911ffa6fbafc8ff6b2991"
  version = "v3.0.1"

[[projects]]
  branch = "master"
  digest = "1:63e7368fcf6b54804076eaec26fd9cf0c4466166b272393db4b93102e1e962df"
  name = "github.com/kballard/go-shellquote"
  packages = ["."]
  pruneopts = ""
  revision = "95032a82bc518f77982ea72343cc1ade730072f0"

[[projects]]
  digest = "1:41e0bed5df4f9fd04c418bf9b6b7179b3671e416ad6175332601ca1c8dc74606"
  name = "github.com/kevinburke/ssh_config"
  packages = ["."]
  pruneopts = ""
  revision = "81db2a75821ed34e682567d48be488a1c3121088"
  version = "0.5"

[[projects]]
  digest = "1:0f51cee70b0d254dbc93c22666ea2abf211af81c1701a96d04e2284b408621db"
  name = "github.com/konsorten/go-windows-terminal-sequences"
  packages = ["."]
  pruneopts = ""
  revision = "f55edac94c9bbba5d6182a4be46d86a2c9b5b50e"
  version = "v1.0.2"

[[projects]]
  digest = "1:ae39921edb7f801f7ce1b6b5484f9715a1dd2b52cb645daef095cd10fd6ee774"
  name = "github.com/magiconair/properties"
  packages = ["."]
  pruneopts = ""
  revision = "de8848e004dd33dc07a2947b3d76f618a7fc7ef1"
  version = "v1.8.1"

[[projects]]
  digest = "1:d260ca4db8ced0871a1c06440b1e5835e2d982ed660ca529957d67f28cf24592"
  name = "github.com/mattn/go-colorable"
  packages = ["."]
  pruneopts = ""
  revision = "8029fb3788e5a4a9c00e415f586a6d033f5d38b3"
  version = "v0.1.2"

[[projects]]
  digest = "1:dbfae9da5a674236b914e486086671145b37b5e3880a38da906665aede3c9eab"
  name = "github.com/mattn/go-isatty"
  packages = ["."]
  pruneopts = ""
  revision = "1311e847b0cb909da63b5fecfb5370aa66236465"
  version = "v0.0.8"

[[projects]]
  branch = "master"
  digest = "1:50416da10e189bc201e122e20078fb8e680a439cbdd24aaece06c434b4415b60"
  name = "github.com/mgutz/ansi"
  packages = ["."]
  pruneopts = ""
  revision = "9520e82c474b0a04dd04f8a40959027271bab992"

[[projects]]
  digest = "1:6dbb0eb72090871f2e58d1e37973fe3cb8c0f45f49459398d3fc740cb30e13bd"
  name = "github.com/mitchellh/go-homedir"
  packages = ["."]
  pruneopts = ""
  revision = "af06845cf3004701891bf4fdb884bfe4920b3727"
  version = "v1.1.0"

[[projects]]
  digest = "1:387d79bfe8a4f0f300a22d65782108a94861eecfe652ffff30e8f91857ad81bb"
  name = "github.com/mitchellh/hashstructure"
  packages = ["."]
  pruneopts = ""
  revision = "a38c50148365edc8df43c1580c48fb2b3a1e9cd7"
  version = "v1.0.0"

[[projects]]
  digest = "1:bcc46a0fbd9e933087bef394871256b5c60269575bb661935874729c65bbbf60"
  name = "github.com/mitchellh/mapstructure"
  packages = ["."]
  pruneopts = ""
  revision = "3536a929edddb9a5b34bd6861dc4a9647cb459fe"
  version = "v1.1.2"

[[projects]]
  digest = "1:0c0ff2a89c1bb0d01887e1dac043ad7efbf3ec77482ef058ac423d13497e16fd"
  name = "github.com/modern-go/concurrent"
  packages = ["."]
  pruneopts = ""
  revision = "bacd9c7ef1dd9b15be4a9909b8ac7a4e313eec94"
  version = "1.0.3"

[[projects]]
  digest = "1:e32bdbdb7c377a07a9a46378290059822efdce5c8d96fe71940d87cb4f918855"
  name = "github.com/modern-go/reflect2"
  packages = ["."]
  pruneopts = ""
  revision = "4b7aa43c6742a2c18fdef89dd197aaae7dac7ccd"
  version = "1.0.1"

[[projects]]
  digest = "1:a3735b0978a8b53fc2ac97a6f46ca1189f0712a00df86d6ec4cf26c1a25e6d77"
  name = "github.com/onsi/ginkgo"
  packages = [
    ".",
    "config",
    "internal/codelocation",
    "internal/containernode",
    "internal/failer",
    "internal/leafnodes",
    "internal/remote",
    "internal/spec",
    "internal/spec_iterator",
    "internal/specrunner",
    "internal/suite",
    "internal/testingtproxy",
    "internal/writer",
    "reporters",
    "reporters/stenographer",
    "reporters/stenographer/support/go-colorable",
    "reporters/stenographer/support/go-isatty",
    "types",
  ]
  pruneopts = ""
  revision = "eea6ad008b96acdaa524f5b409513bf062b500ad"
  version = "v1.8.0"

[[projects]]
  digest = "1:dbafce2fddb1ca331646fe2ac9c9413980368b19a60a4406a6e5861680bd73be"
  name = "github.com/onsi/gomega"
  packages = [
    ".",
    "format",
    "internal/assertion",
    "internal/asyncassertion",
    "internal/oraclematcher",
    "internal/testingtsupport",
    "matchers",
    "matchers/support/goraph/bipartitegraph",
    "matchers/support/goraph/edge",
    "matchers/support/goraph/node",
    "matchers/support/goraph/util",
    "types",
  ]
  pruneopts = ""
  revision = "90e289841c1ed79b7a598a7cd9959750cb5e89e2"
  version = "v1.5.0"

[[projects]]
  digest = "1:049b5bee78dfdc9628ee0e557219c41f683e5b06c5a5f20eaba0105ccc586689"
  name = "github.com/pelletier/go-buffruneio"
  packages = ["."]
  pruneopts = ""
  revision = "c37440a7cf42ac63b919c752ca73a85067e05992"
  version = "v0.2.0"

[[projects]]
  digest = "1:3d2c33720d4255686b9f4a7e4d3b94938ee36063f14705c5eb0f73347ed4c496"
  name = "github.com/pelletier/go-toml"
  packages = ["."]
  pruneopts = ""
  revision = "728039f679cbcd4f6a54e080d2219a4c4928c546"
  version = "v1.4.0"

[[projects]]
  branch = "master"
  digest = "1:5f0faa008e8ff4221b55a1a5057c8b02cb2fd68da6a65c9e31c82b72cbc836d0"
  name = "github.com/petar/GoLLRB"
  packages = ["llrb"]
  pruneopts = ""
  revision = "33fb24c13b99c46c93183c291836c573ac382536"

[[projects]]
  digest = "1:4709c61d984ef9ba99b037b047546d8a576ae984fb49486e48d99658aa750cd5"
  name = "github.com/peterbourgon/diskv"
  packages = ["."]
  pruneopts = ""
  revision = "0be1b92a6df0e4f5cb0a5d15fb7f643d0ad93ce6"
  version = "v3.0.0"

[[projects]]
  digest = "1:b21fb116e51b5c95eccbad65f2717d7d01f52c7f0d596d926e37749c7592fb88"
  name = "github.com/pierrec/lz4"
  packages = [
    ".",
    "internal/xxh32",
  ]
  pruneopts = ""
  revision = "057d66e894a4e55853274a3bbbf7de02ba639e43"
  version = "v2.2.4"

[[projects]]
  digest = "1:1d7e1867c49a6dd9856598ef7c3123604ea3daabf5b83f303ff457bcbc410b1d"
  name = "github.com/pkg/errors"
  packages = ["."]
  pruneopts = ""
  revision = "ba968bfe8b2f7e042a574c888954fccecfa385b4"
  version = "v0.8.1"

[[projects]]
  digest = "1:b211b8d019751e9e176336f48ebaf9ebc5131114fbf7b7bfd07608d802a95de8"
  name = "github.com/pseudomuto/protoc-gen-doc"
  packages = ["parser"]
  pruneopts = ""
  revision = "728a624b38e5ae90bb3e5da5f406e05138f1517c"
  version = "v1.0.0"

[[projects]]
  digest = "1:2389dc36373649d729e089057acf50aca054098f4e252596754d9ea76277fc07"
  name = "github.com/radovskyb/watcher"
  packages = ["."]
  pruneopts = ""
  revision = "d8b41ca2397a9b5cfc26adb10edbbcde40187a87"
  version = "v1.0.6"

[[projects]]
  digest = "1:2761e287c811d0948d47d0252b82281eca3801eb3c9d5f9530956643d5b9f430"
  name = "github.com/russross/blackfriday"
  packages = ["."]
  pruneopts = ""
  revision = "05f3235734ad95d0016f6a23902f06461fcf567a"
  version = "v1.5.2"

[[projects]]
  digest = "1:4244255905cb95c3c98894d671367f84a6292608ae528936fe46ba9c86f68393"
  name = "github.com/ryanuber/go-glob"
  packages = ["."]
  pruneopts = ""
  revision = "51a8f68e6c24dc43f1e371749c89a267de4ebc53"
  version = "v1.0.0"

[[projects]]
  digest = "1:3962f553b77bf6c03fc07cd687a22dd3b00fe11aa14d31194f5505f5bb65cdc8"
  name = "github.com/sergi/go-diff"
  packages = ["diffmatchpatch"]
  pruneopts = ""
  revision = "1744e2970ca51c86172c8190fadad617561ed6e7"
  version = "v1.0.0"

[[projects]]
  digest = "1:1a405cddcf3368445051fb70ab465ae99da56ad7be8d8ca7fc52159d1c2d873c"
  name = "github.com/sirupsen/logrus"
  packages = ["."]
  pruneopts = ""
  revision = "839c75faf7f98a33d445d181f3018b5c3409a45e"
  version = "v1.4.2"

[[projects]]
  digest = "1:76cf93ed7763ebc19b27072db569934a3e016c7e1dbcdbede1d2c368822772eb"
  name = "github.com/solo-io/build"
  packages = [
    "pkg/api/v1",
    "pkg/cli",
    "pkg/constants",
    "pkg/envutils",
    "pkg/ingest",
    "pkg/version",
  ]
  pruneopts = ""
  revision = "v0.0.1"

[[projects]]
  digest = "1:b0a5012b843bcca5063b5a2db2886f97214f537a7125e1dd2c4a6a203f33825b"
  name = "github.com/solo-io/go-checkpoint"
  packages = ["."]
  pruneopts = ""
  revision = "b798a7563f831f081f2a73ca889888f1ceec06b3"
  version = "0.0.4"

[[projects]]
  digest = "1:e17b8df89bbba50273bb1ce185d0ec0eee9524869a2286a37bc77c5d54cf6521"
  name = "github.com/solo-io/go-utils"
  packages = [
    "changelogutils",
    "clicore",
    "clicore/constants",
    "clicore/internal/clibufferpool",
    "clidoc",
    "cliutils",
    "contextutils",
    "docsutils",
    "errors",
    "errutils",
    "githubutils",
    "hashutils",
    "kubeinstallutils",
    "kubeutils",
    "log",
    "pkgmgmtutils",
    "protoutils",
    "randutils",
    "stringutils",
    "tarutils",
    "testutils",
    "testutils/clusterlock",
    "testutils/kube",
    "versionutils",
    "versionutils/kubeapi",
    "vfsutils",
  ]
  pruneopts = ""
  revision = "71704af17a52b1dce01b6bb8bcab447f59e59f07"
  version = "v0.9.17"

[[projects]]
  digest = "1:67ff7cabcba41f4ee95ab7f849a8ee619b56647d58ff0c0d8db1fbb3bac8867b"
  name = "github.com/solo-io/solo-kit"
  packages = [
    "pkg/api/v1/clients",
    "pkg/api/v1/clients/common",
    "pkg/api/v1/clients/configmap",
    "pkg/api/v1/clients/consul",
    "pkg/api/v1/clients/factory",
    "pkg/api/v1/clients/file",
    "pkg/api/v1/clients/kube",
    "pkg/api/v1/clients/kube/cache",
    "pkg/api/v1/clients/kube/controller",
    "pkg/api/v1/clients/kube/crd",
    "pkg/api/v1/clients/kube/crd/client/clientset/versioned",
    "pkg/api/v1/clients/kube/crd/client/clientset/versioned/scheme",
    "pkg/api/v1/clients/kube/crd/client/clientset/versioned/typed/solo.io/v1",
    "pkg/api/v1/clients/kube/crd/solo.io/v1",
    "pkg/api/v1/clients/kubesecret",
    "pkg/api/v1/clients/memory",
    "pkg/api/v1/clients/vault",
    "pkg/api/v1/clients/wrapper",
    "pkg/api/v1/eventloop",
    "pkg/api/v1/reconcile",
    "pkg/api/v1/resources",
    "pkg/api/v1/resources/core",
    "pkg/code-generator",
    "pkg/code-generator/cmd",
    "pkg/code-generator/codegen",
    "pkg/code-generator/codegen/templates",
    "pkg/code-generator/docgen",
    "pkg/code-generator/docgen/funcs",
    "pkg/code-generator/docgen/options",
    "pkg/code-generator/docgen/templates/markdown",
    "pkg/code-generator/docgen/templates/restructured",
    "pkg/code-generator/model",
    "pkg/code-generator/parser",
    "pkg/errors",
    "pkg/utils/fileutils",
    "pkg/utils/kubeutils",
    "pkg/utils/protoutils",
    "test/helpers",
    "test/setup",
    "test/tests/typed",
    "test/testutils",
  ]
  pruneopts = ""
  revision = "6172b86a18792f91c5323a624db93b8d8efbccb9"
  version = "v0.10.10"

[[projects]]
  digest = "1:956f655c87b7255c6b1ae6c203ebb0af98cf2a13ef2507e34c9bf1c0332ac0f5"
  name = "github.com/spf13/afero"
  packages = [
    ".",
    "mem",
  ]
  pruneopts = ""
  revision = "588a75ec4f32903aa5e39a2619ba6a4631e28424"
  version = "v1.2.2"

[[projects]]
  digest = "1:ae3493c780092be9d576a1f746ab967293ec165e8473425631f06658b6212afc"
  name = "github.com/spf13/cast"
  packages = ["."]
  pruneopts = ""
  revision = "8c9545af88b134710ab1cd196795e7f2388358d7"
  version = "v1.3.0"

[[projects]]
  branch = "master"
  digest = "1:9d59dca27993d188fe9a54dfb4c816baccf55aac835681f12e3114564d830709"
  name = "github.com/spf13/cobra"
  packages = [
    ".",
    "doc",
  ]
  pruneopts = ""
  revision = "2d7544ebdeb5f926805c57af8dccc6c359de28d4"

[[projects]]
  digest = "1:cc15ae4fbdb02ce31f3392361a70ac041f4f02e0485de8ffac92bd8033e3d26e"
  name = "github.com/spf13/jwalterweatherman"
  packages = ["."]
  pruneopts = ""
  revision = "94f6ae3ed3bceceafa716478c5fbf8d29ca601a1"
  version = "v1.1.0"

[[projects]]
  digest = "1:cbaf13cdbfef0e4734ed8a7504f57fe893d471d62a35b982bf6fb3f036449a66"
  name = "github.com/spf13/pflag"
  packages = ["."]
  pruneopts = ""
  revision = "298182f68c66c05229eb03ac171abe6e309ee79a"
  version = "v1.0.3"

[[projects]]
  digest = "1:9b483544fcf4fc0155e566f49ee669c205fba12a36eb18e7f80510796a606db4"
  name = "github.com/spf13/viper"
  packages = ["."]
  pruneopts = ""
  revision = "b5bf975e5823809fb22c7644d008757f78a4259e"
  version = "v1.4.0"

[[projects]]
  digest = "1:740b31391e4c3e4d2b5a20e1cbf2c2f7765275ead23945acc7669c36c0b8095a"
  name = "github.com/src-d/gcfg"
  packages = [
    ".",
    "scanner",
    "token",
    "types",
  ]
  pruneopts = ""
  revision = "1ac3a1ac202429a54835fe8408a92880156b489d"
  version = "v1.4.0"

[[projects]]
  digest = "1:55110794a7ff6a8890578b5188988a6b6056db7e81a1dc2e631e2e10d9e3f4c8"
  name = "github.com/vishvananda/netlink"
  packages = ["nl"]
  pruneopts = ""
  revision = "1970aef3abedcf777f2677a1193b468262ff8771"

[[projects]]
  branch = "master"
  digest = "1:638338a8966ddff52fd1153bcd75d83be700ba1c388e823ce642399c0b46c472"
  name = "github.com/vishvananda/netns"
  packages = ["."]
  pruneopts = ""
  revision = "7109fa855b0ff1ebef7fbd2f6aa613e8db7cfbc0"

[[projects]]
  digest = "1:172f94a6b3644a8f9e6b5e5b7fc9fe1e42d424f52a0300b2e7ab1e57db73f85d"
  name = "github.com/xanzy/ssh-agent"
  packages = ["."]
  pruneopts = ""
  revision = "6a3e2ff9e7c564f36873c2e36413f634534f1c44"
  version = "v0.2.1"

[[projects]]
  digest = "1:15322677d41c39ba767c0bcfe258fe2ffeeb1c355069674788418bf9c507e811"
  name = "go.opencensus.io"
  packages = [
    ".",
    "internal",
    "internal/tagencoding",
    "metric/metricdata",
    "metric/metricproducer",
    "resource",
    "stats",
    "stats/internal",
    "stats/view",
    "tag",
    "trace",
    "trace/internal",
    "trace/tracestate",
  ]
  pruneopts = ""
  revision = "9c377598961b706d1542bd2d84d538b5094d596e"
  version = "v0.22.0"

[[projects]]
  digest = "1:e6ff7840319b6fda979a918a8801005ec2049abca62af19211d96971d8ec3327"
  name = "go.uber.org/atomic"
  packages = ["."]
  pruneopts = ""
  revision = "df976f2515e274675050de7b3f42545de80594fd"
  version = "v1.4.0"

[[projects]]
  digest = "1:22c7effcb4da0eacb2bb1940ee173fac010e9ef3c691f5de4b524d538bd980f5"
  name = "go.uber.org/multierr"
  packages = ["."]
  pruneopts = ""
  revision = "3c4937480c32f4c13a875a1829af76c98ca3d40a"
  version = "v1.1.0"

[[projects]]
  digest = "1:984e93aca9088b440b894df41f2043b6a3db8f9cf30767032770bfc4796993b0"
  name = "go.uber.org/zap"
  packages = [
    ".",
    "buffer",
    "internal/bufferpool",
    "internal/color",
    "internal/exit",
    "zapcore",
  ]
  pruneopts = ""
  revision = "27376062155ad36be76b0f12cf1572a221d3a48c"
  version = "v1.10.0"

[[projects]]
  branch = "master"
  digest = "1:8755af5ced2ebf0ef182f907155a83fc93e284ac7d3d0465701233e06ec70101"
  name = "golang.org/x/arch"
  packages = ["x86/x86asm"]
  pruneopts = ""
  revision = "788fe5ffcd8c07da9e57a7f3b134c13864be60be"

[[projects]]
  branch = "master"
  digest = "1:086760278d762dbb0e9a26e09b57f04c89178c86467d8d94fae47d64c222f328"
  name = "golang.org/x/crypto"
  packages = [
    "cast5",
    "curve25519",
    "ed25519",
    "ed25519/internal/edwards25519",
    "internal/chacha20",
    "internal/subtle",
    "openpgp",
    "openpgp/armor",
    "openpgp/elgamal",
    "openpgp/errors",
    "openpgp/packet",
    "openpgp/s2k",
    "poly1305",
    "ssh",
    "ssh/agent",
    "ssh/knownhosts",
    "ssh/terminal",
  ]
  pruneopts = ""
  revision = "4def268fd1a49955bfb3dda92fe3db4f924f2285"

[[projects]]
  branch = "master"
  digest = "1:31cd6e3c114e17c5f0c9e8b0bcaa3025ab3c221ce36323c7ce1acaa753d0d0aa"
  name = "golang.org/x/net"
  packages = [
    "context",
    "context/ctxhttp",
    "html",
    "html/atom",
    "html/charset",
    "http/httpguts",
    "http2",
    "http2/hpack",
    "idna",
    "internal/socks",
    "internal/timeseries",
    "proxy",
    "trace",
  ]
  pruneopts = ""
  revision = "da137c7871d730100384dbcf36e6f8fa493aef5b"

[[projects]]
  branch = "master"
  digest = "1:01bdbbc604dcd5afb6f66a717f69ad45e9643c72d5bc11678d44ffa5c50f9e42"
  name = "golang.org/x/oauth2"
  packages = [
    ".",
    "google",
    "internal",
    "jws",
    "jwt",
  ]
  pruneopts = ""
  revision = "0f29369cfe4552d0e4bcddc57cc75f4d7e672a33"

[[projects]]
  branch = "master"
  digest = "1:9f6efefb4e401a4f699a295d14518871368eb89403f2dd23ec11dfcd2c0836ba"
  name = "golang.org/x/sync"
  packages = ["errgroup"]
  pruneopts = ""
  revision = "112230192c580c3556b8cee6403af37a4fc5f28c"

[[projects]]
  branch = "master"
  digest = "1:8d8dab33e614e3839a47bbb340189458c28c58e60655023d20eeb92b7300768a"
  name = "golang.org/x/sys"
  packages = [
    "cpu",
    "unix",
    "windows",
  ]
  pruneopts = ""
  revision = "fae7ac547cb717d141c433a2a173315e216b64c4"

[[projects]]
  digest = "1:740b51a55815493a8d0f2b1e0d0ae48fe48953bf7eaf3fcc4198823bf67768c0"
  name = "golang.org/x/text"
  packages = [
    "collate",
    "collate/build",
    "encoding",
    "encoding/charmap",
    "encoding/htmlindex",
    "encoding/internal",
    "encoding/internal/identifier",
    "encoding/japanese",
    "encoding/korean",
    "encoding/simplifiedchinese",
    "encoding/traditionalchinese",
    "encoding/unicode",
    "internal/colltab",
    "internal/gen",
    "internal/language",
    "internal/language/compact",
    "internal/tag",
    "internal/triegen",
    "internal/ucd",
    "internal/utf8internal",
    "language",
    "runes",
    "secure/bidirule",
    "transform",
    "unicode/bidi",
    "unicode/cldr",
    "unicode/norm",
    "unicode/rangetable",
  ]
  pruneopts = ""
  revision = "342b2e1fbaa52c93f31447ad2c6abc048c63e475"
  version = "v0.3.2"

[[projects]]
  branch = "master"
  digest = "1:9522af4be529c108010f95b05f1022cb872f2b9ff8b101080f554245673466e1"
  name = "golang.org/x/time"
  packages = ["rate"]
  pruneopts = ""
  revision = "9d24e82272b4f38b78bc8cff74fa936d31ccd8ef"

[[projects]]
  branch = "master"
  digest = "1:dbd0a2ffe12d8988e1b5d5cfb518fb8232e3b29bcf7ac06b75f91ab96db6a70f"
  name = "golang.org/x/xerrors"
  packages = [
    ".",
    "internal",
  ]
  pruneopts = ""
  revision = "a985d3407aa71f30cf86696ee0a2f409709f22e1"

[[projects]]
  digest = "1:47f391ee443f578f01168347818cb234ed819521e49e4d2c8dd2fb80d48ee41a"
  name = "google.golang.org/appengine"
  packages = [
    ".",
    "internal",
    "internal/app_identity",
    "internal/base",
    "internal/datastore",
    "internal/log",
    "internal/modules",
    "internal/remote_api",
    "internal/urlfetch",
    "urlfetch",
  ]
  pruneopts = ""
  revision = "b2f4a3cf3c67576a2ee09e1fe62656a5086ce880"
  version = "v1.6.1"

[[projects]]
  branch = "master"
  digest = "1:53a69ca05e2f34d0d6e5cc02d2d3b0c0f815628965757fb5aaf04aa83ca5cc07"
  name = "google.golang.org/genproto"
  packages = ["googleapis/rpc/status"]
  pruneopts = ""
  revision = "c506a9f9061087022822e8da603a52fc387115a8"

[[projects]]
  digest = "1:3608095d1dc06a2ff2e6f0476c9cc9584dd8e4b64151fed41a3663b9033a8b63"
  name = "google.golang.org/grpc"
  packages = [
    ".",
    "balancer",
    "balancer/base",
    "balancer/roundrobin",
    "binarylog/grpc_binarylog_v1",
    "codes",
    "connectivity",
    "credentials",
    "credentials/internal",
    "encoding",
    "encoding/proto",
    "grpclog",
    "internal",
    "internal/backoff",
    "internal/balancerload",
    "internal/binarylog",
    "internal/channelz",
    "internal/envconfig",
    "internal/grpcrand",
    "internal/grpcsync",
    "internal/syscall",
    "internal/transport",
    "keepalive",
    "metadata",
    "naming",
    "peer",
    "resolver",
    "resolver/dns",
    "resolver/passthrough",
    "serviceconfig",
    "stats",
    "status",
    "tap",
  ]
  pruneopts = ""
  revision = "1d89a3c832915b2314551c1d2a506874d62e53f7"
  version = "v1.22.0"

[[projects]]
  digest = "1:d9fd9544beeba646af7937904a46df0842ac8c7c8f864f133a8f931b8b35a1e5"
  name = "gopkg.in/AlecAivazis/survey.v1"
  packages = [
    ".",
    "core",
    "terminal",
  ]
  pruneopts = ""
  revision = "3db8b5dd7b2875d268abf7c1feb59bd929f6b838"
  version = "v1.8.5"

[[projects]]
  digest = "1:eb53021a8aa3f599d29c7102e65026242bdedce998a54837dc67f14b6a97c5fd"
  name = "gopkg.in/fsnotify.v1"
  packages = ["."]
  pruneopts = ""
  revision = "c2828203cd70a50dcccfb2761f8b1f8ceef9a8e9"
  source = "https://github.com/fsnotify/fsnotify.git"
  version = "v1.4.7"

[[projects]]
  digest = "1:75fb3fcfc73a8c723efde7777b40e8e8ff9babf30d8c56160d01beffea8a95a6"
  name = "gopkg.in/inf.v0"
  packages = ["."]
  pruneopts = ""
  revision = "d2d2541c53f18d2a059457998ce2876cc8e67cbf"
  version = "v0.9.1"

[[projects]]
  digest = "1:17f8dba6dd2246aaa0bb3aecc3a8f9ac255d8632da15eab4ed14c8bc18b282ab"
  name = "gopkg.in/src-d/go-billy.v4"
  packages = [
    ".",
    "helper/chroot",
    "helper/polyfill",
    "osfs",
    "util",
  ]
  pruneopts = ""
  revision = "711f3aa5b30ce9bbc7d708792ca98b913cbbd4a5"
  version = "v4.3.1"

[[projects]]
  digest = "1:8e236ab1e1545b3a46c8231747cd5ac34924c721ba2009f92872923b2023d980"
  name = "gopkg.in/src-d/go-git.v4"
  packages = [
    ".",
    "config",
    "internal/revision",
    "internal/url",
    "plumbing",
    "plumbing/cache",
    "plumbing/filemode",
    "plumbing/format/config",
    "plumbing/format/diff",
    "plumbing/format/gitignore",
    "plumbing/format/idxfile",
    "plumbing/format/index",
    "plumbing/format/objfile",
    "plumbing/format/packfile",
    "plumbing/format/pktline",
    "plumbing/object",
    "plumbing/protocol/packp",
    "plumbing/protocol/packp/capability",
    "plumbing/protocol/packp/sideband",
    "plumbing/revlist",
    "plumbing/storer",
    "plumbing/transport",
    "plumbing/transport/client",
    "plumbing/transport/file",
    "plumbing/transport/git",
    "plumbing/transport/http",
    "plumbing/transport/internal/common",
    "plumbing/transport/server",
    "plumbing/transport/ssh",
    "storage",
    "storage/filesystem",
    "storage/filesystem/dotgit",
    "storage/memory",
    "utils/binary",
    "utils/diff",
    "utils/ioutil",
    "utils/merkletrie",
    "utils/merkletrie/filesystem",
    "utils/merkletrie/index",
    "utils/merkletrie/internal/frame",
    "utils/merkletrie/noder",
  ]
  pruneopts = ""
  revision = "f9a30199e7083bdda8adad3a4fa2ec42d25c1fdb"
  version = "v4.12.0"

[[projects]]
  branch = "v1"
  digest = "1:a96d16bd088460f2e0685d46c39bcf1208ba46e0a977be2df49864ec7da447dd"
  name = "gopkg.in/tomb.v1"
  packages = ["."]
  pruneopts = ""
  revision = "dd632973f1e7218eb1089048e0798ec9ae7dceb8"

[[projects]]
  digest = "1:ceec7e96590fb8168f36df4795fefe17051d4b0c2acc7ec4e260d8138c4dafac"
  name = "gopkg.in/warnings.v0"
  packages = ["."]
  pruneopts = ""
  revision = "ec4a0fea49c7b46c2aeb0b51aac55779c607e52b"
  version = "v0.1.2"

[[projects]]
  digest = "1:cedccf16b71e86db87a24f8d4c70b0a855872eb967cb906a66b95de56aefbd0d"
  name = "gopkg.in/yaml.v2"
  packages = ["."]
  pruneopts = ""
  revision = "51d6538a90f86fe93ac480b35f37b2be17fef232"
  version = "v2.2.2"

[[projects]]
  digest = "1:17bb4953b1b4d62ee3be14aaaae02766c0ba3697f76374538592d6819c6c515a"
  name = "k8s.io/api"
  packages = [
    "admissionregistration/v1alpha1",
    "admissionregistration/v1beta1",
    "apps/v1",
    "apps/v1beta1",
    "apps/v1beta2",
    "authentication/v1",
    "authentication/v1beta1",
    "authorization/v1",
    "authorization/v1beta1",
    "autoscaling/v1",
    "autoscaling/v2beta1",
    "autoscaling/v2beta2",
    "batch/v1",
    "batch/v1beta1",
    "batch/v2alpha1",
    "certificates/v1beta1",
    "coordination/v1beta1",
    "core/v1",
    "events/v1beta1",
    "extensions/v1beta1",
    "networking/v1",
    "policy/v1beta1",
    "rbac/v1",
    "rbac/v1alpha1",
    "rbac/v1beta1",
    "scheduling/v1alpha1",
    "scheduling/v1beta1",
    "settings/v1alpha1",
    "storage/v1",
    "storage/v1alpha1",
    "storage/v1beta1",
  ]
  pruneopts = ""
  revision = "9ad12a4af32677db3ae70bef3371bf9b618eb3a0"
  version = "kubernetes-1.12.9"

[[projects]]
  digest = "1:66d36220ca45b27e909a6fb64ceffdbbc18cd227baf418bd26994937a047c720"
  name = "k8s.io/apiextensions-apiserver"
  packages = [
    "pkg/apis/apiextensions",
    "pkg/apis/apiextensions/v1beta1",
    "pkg/client/clientset/clientset",
    "pkg/client/clientset/clientset/scheme",
    "pkg/client/clientset/clientset/typed/apiextensions/v1beta1",
  ]
  pruneopts = ""
  revision = "fa58353d80f37509c2b8de8e67f2377a2bc2ce80"
  version = "kubernetes-1.12.9"

[[projects]]
  digest = "1:9c7ee6fe7b8b621df5a7604e9a1f752b566ae451b2cf010c9c075e5e5ff81f56"
  name = "k8s.io/apimachinery"
  packages = [
    "pkg/api/errors",
    "pkg/api/meta",
    "pkg/api/resource",
    "pkg/apis/meta/internalversion",
    "pkg/apis/meta/v1",
    "pkg/apis/meta/v1/unstructured",
    "pkg/apis/meta/v1beta1",
    "pkg/conversion",
    "pkg/conversion/queryparams",
    "pkg/fields",
    "pkg/labels",
    "pkg/runtime",
    "pkg/runtime/schema",
    "pkg/runtime/serializer",
    "pkg/runtime/serializer/json",
    "pkg/runtime/serializer/protobuf",
    "pkg/runtime/serializer/recognizer",
    "pkg/runtime/serializer/streaming",
    "pkg/runtime/serializer/versioning",
    "pkg/selection",
    "pkg/types",
    "pkg/util/cache",
    "pkg/util/clock",
    "pkg/util/diff",
    "pkg/util/errors",
    "pkg/util/framer",
    "pkg/util/intstr",
    "pkg/util/json",
    "pkg/util/mergepatch",
    "pkg/util/naming",
    "pkg/util/net",
    "pkg/util/runtime",
    "pkg/util/sets",
    "pkg/util/strategicpatch",
    "pkg/util/validation",
    "pkg/util/validation/field",
    "pkg/util/wait",
    "pkg/util/yaml",
    "pkg/version",
    "pkg/watch",
    "third_party/forked/golang/json",
    "third_party/forked/golang/reflect",
  ]
  pruneopts = ""
  revision = "01f179d85dbce0f2e0e4351a92394b38694b7cae"
  version = "kubernetes-1.12.9"

[[projects]]
  digest = "1:3207ba8c2676e2b9b3d403fc099b8a6e4e830782a3a72229017da42fb70aab67"
  name = "k8s.io/client-go"
  packages = [
    "discovery",
    "discovery/fake",
    "dynamic",
    "informers",
    "informers/admissionregistration",
    "informers/admissionregistration/v1alpha1",
    "informers/admissionregistration/v1beta1",
    "informers/apps",
    "informers/apps/v1",
    "informers/apps/v1beta1",
    "informers/apps/v1beta2",
    "informers/autoscaling",
    "informers/autoscaling/v1",
    "informers/autoscaling/v2beta1",
    "informers/autoscaling/v2beta2",
    "informers/batch",
    "informers/batch/v1",
    "informers/batch/v1beta1",
    "informers/batch/v2alpha1",
    "informers/certificates",
    "informers/certificates/v1beta1",
    "informers/coordination",
    "informers/coordination/v1beta1",
    "informers/core",
    "informers/core/v1",
    "informers/events",
    "informers/events/v1beta1",
    "informers/extensions",
    "informers/extensions/v1beta1",
    "informers/internalinterfaces",
    "informers/networking",
    "informers/networking/v1",
    "informers/policy",
    "informers/policy/v1beta1",
    "informers/rbac",
    "informers/rbac/v1",
    "informers/rbac/v1alpha1",
    "informers/rbac/v1beta1",
    "informers/scheduling",
    "informers/scheduling/v1alpha1",
    "informers/scheduling/v1beta1",
    "informers/settings",
    "informers/settings/v1alpha1",
    "informers/storage",
    "informers/storage/v1",
    "informers/storage/v1alpha1",
    "informers/storage/v1beta1",
    "kubernetes",
    "kubernetes/fake",
    "kubernetes/scheme",
    "kubernetes/typed/admissionregistration/v1alpha1",
    "kubernetes/typed/admissionregistration/v1alpha1/fake",
    "kubernetes/typed/admissionregistration/v1beta1",
    "kubernetes/typed/admissionregistration/v1beta1/fake",
    "kubernetes/typed/apps/v1",
    "kubernetes/typed/apps/v1/fake",
    "kubernetes/typed/apps/v1beta1",
    "kubernetes/typed/apps/v1beta1/fake",
    "kubernetes/typed/apps/v1beta2",
    "kubernetes/typed/apps/v1beta2/fake",
    "kubernetes/typed/authentication/v1",
    "kubernetes/typed/authentication/v1/fake",
    "kubernetes/typed/authentication/v1beta1",
    "kubernetes/typed/authentication/v1beta1/fake",
    "kubernetes/typed/authorization/v1",
    "kubernetes/typed/authorization/v1/fake",
    "kubernetes/typed/authorization/v1beta1",
    "kubernetes/typed/authorization/v1beta1/fake",
    "kubernetes/typed/autoscaling/v1",
    "kubernetes/typed/autoscaling/v1/fake",
    "kubernetes/typed/autoscaling/v2beta1",
    "kubernetes/typed/autoscaling/v2beta1/fake",
    "kubernetes/typed/autoscaling/v2beta2",
    "kubernetes/typed/autoscaling/v2beta2/fake",
    "kubernetes/typed/batch/v1",
    "kubernetes/typed/batch/v1/fake",
    "kubernetes/typed/batch/v1beta1",
    "kubernetes/typed/batch/v1beta1/fake",
    "kubernetes/typed/batch/v2alpha1",
    "kubernetes/typed/batch/v2alpha1/fake",
    "kubernetes/typed/certificates/v1beta1",
    "kubernetes/typed/certificates/v1beta1/fake",
    "kubernetes/typed/coordination/v1beta1",
    "kubernetes/typed/coordination/v1beta1/fake",
    "kubernetes/typed/core/v1",
    "kubernetes/typed/core/v1/fake",
    "kubernetes/typed/events/v1beta1",
    "kubernetes/typed/events/v1beta1/fake",
    "kubernetes/typed/extensions/v1beta1",
    "kubernetes/typed/extensions/v1beta1/fake",
    "kubernetes/typed/networking/v1",
    "kubernetes/typed/networking/v1/fake",
    "kubernetes/typed/policy/v1beta1",
    "kubernetes/typed/policy/v1beta1/fake",
    "kubernetes/typed/rbac/v1",
    "kubernetes/typed/rbac/v1/fake",
    "kubernetes/typed/rbac/v1alpha1",
    "kubernetes/typed/rbac/v1alpha1/fake",
    "kubernetes/typed/rbac/v1beta1",
    "kubernetes/typed/rbac/v1beta1/fake",
    "kubernetes/typed/scheduling/v1alpha1",
    "kubernetes/typed/scheduling/v1alpha1/fake",
    "kubernetes/typed/scheduling/v1beta1",
    "kubernetes/typed/scheduling/v1beta1/fake",
    "kubernetes/typed/settings/v1alpha1",
    "kubernetes/typed/settings/v1alpha1/fake",
    "kubernetes/typed/storage/v1",
    "kubernetes/typed/storage/v1/fake",
    "kubernetes/typed/storage/v1alpha1",
    "kubernetes/typed/storage/v1alpha1/fake",
    "kubernetes/typed/storage/v1beta1",
    "kubernetes/typed/storage/v1beta1/fake",
    "listers/admissionregistration/v1alpha1",
    "listers/admissionregistration/v1beta1",
    "listers/apps/v1",
    "listers/apps/v1beta1",
    "listers/apps/v1beta2",
    "listers/autoscaling/v1",
    "listers/autoscaling/v2beta1",
    "listers/autoscaling/v2beta2",
    "listers/batch/v1",
    "listers/batch/v1beta1",
    "listers/batch/v2alpha1",
    "listers/certificates/v1beta1",
    "listers/coordination/v1beta1",
    "listers/core/v1",
    "listers/events/v1beta1",
    "listers/extensions/v1beta1",
    "listers/networking/v1",
    "listers/policy/v1beta1",
    "listers/rbac/v1",
    "listers/rbac/v1alpha1",
    "listers/rbac/v1beta1",
    "listers/scheduling/v1alpha1",
    "listers/scheduling/v1beta1",
    "listers/settings/v1alpha1",
    "listers/storage/v1",
    "listers/storage/v1alpha1",
    "listers/storage/v1beta1",
    "pkg/apis/clientauthentication",
    "pkg/apis/clientauthentication/v1alpha1",
    "pkg/apis/clientauthentication/v1beta1",
    "pkg/version",
    "plugin/pkg/client/auth",
    "plugin/pkg/client/auth/azure",
    "plugin/pkg/client/auth/exec",
    "plugin/pkg/client/auth/gcp",
    "plugin/pkg/client/auth/oidc",
    "plugin/pkg/client/auth/openstack",
    "rest",
    "rest/watch",
    "testing",
    "third_party/forked/golang/template",
    "tools/auth",
    "tools/cache",
    "tools/clientcmd",
    "tools/clientcmd/api",
    "tools/clientcmd/api/latest",
    "tools/clientcmd/api/v1",
    "tools/metrics",
    "tools/pager",
    "tools/reference",
    "transport",
    "util/buffer",
    "util/cert",
    "util/connrotation",
    "util/flowcontrol",
    "util/homedir",
    "util/integer",
    "util/jsonpath",
    "util/retry",
    "util/workqueue",
  ]
  pruneopts = ""
  revision = "4f3abb12cae2d6817e1b6d72d9cbc3d3a6ddf965"
  version = "kubernetes-1.12.9"

[[projects]]
  digest = "1:9eaf86f4f6fb4a8f177220d488ef1e3255d06a691cca95f14ef085d4cd1cef3c"
  name = "k8s.io/klog"
  packages = ["."]
  pruneopts = ""
  revision = "d98d8acdac006fb39831f1b25640813fef9c314f"
  version = "v0.3.3"

[[projects]]
  branch = "master"
  digest = "1:3176cac3365c8442ab92d465e69e05071b0dbc0d715e66b76059b04611811dff"
  name = "k8s.io/kube-openapi"
  packages = ["pkg/util/proto"]
  pruneopts = ""
  revision = "5e22f3d471e6f24ca20becfdffdc6206c7cecac8"

[[projects]]
  digest = "1:faac463d0e8be9804bbdb73b6db688e1e6f06f8253bcd444acaff1bbb3ef4fc7"
  name = "k8s.io/kubernetes"
  packages = [
    "pkg/kubelet/apis/cri",
    "pkg/kubelet/apis/cri/runtime/v1alpha2",
    "pkg/kubelet/remote",
    "pkg/kubelet/util",
  ]
  pruneopts = ""
  revision = "a87e9a978f65a8303aa9467537aa59c18122cbf9"
  version = "v1.14.4"

[[projects]]
  branch = "master"
  digest = "1:990421e134d215c0a310e6be8b54aecb02c9686a265e4ab29329741346dc0f2e"
  name = "k8s.io/utils"
  packages = ["exec"]
  pruneopts = ""
  revision = "3dccf664f023863740c508fb4284e49742bedfa4"

[[projects]]
  digest = "1:321081b4a44256715f2b68411d8eda9a17f17ebfe6f0cc61d2cc52d11c08acfa"
  name = "sigs.k8s.io/yaml"
  packages = ["."]
  pruneopts = ""
  revision = "fd68e9863619f6ec2fdd8625fe1f02e7c877e480"
  version = "v1.1.0"

[solve-meta]
  analyzer-name = "dep"
  analyzer-version = 1
  input-imports = [
    "github.com/GoogleContainerTools/skaffold/pkg/skaffold/kubernetes",
    "github.com/davecgh/go-spew/spew",
    "github.com/go-delve/delve/service/rpc1",
    "github.com/gogo/protobuf/gogoproto",
    "github.com/gogo/protobuf/proto",
    "github.com/gogo/protobuf/sortkeys",
    "github.com/hashicorp/go-multierror",
    "github.com/mitchellh/go-homedir",
    "github.com/onsi/ginkgo",
    "github.com/onsi/gomega",
    "github.com/pkg/errors",
    "github.com/sirupsen/logrus",
    "github.com/solo-io/build/pkg/cli",
    "github.com/solo-io/build/pkg/constants",
    "github.com/solo-io/build/pkg/ingest",
    "github.com/solo-io/go-checkpoint",
    "github.com/solo-io/go-utils/clidoc",
    "github.com/solo-io/go-utils/cliutils",
    "github.com/solo-io/go-utils/contextutils",
    "github.com/solo-io/go-utils/docsutils",
    "github.com/solo-io/go-utils/errors",
    "github.com/solo-io/go-utils/errutils",
    "github.com/solo-io/go-utils/githubutils",
    "github.com/solo-io/go-utils/hashutils",
    "github.com/solo-io/go-utils/kubeutils",
    "github.com/solo-io/go-utils/log",
    "github.com/solo-io/go-utils/pkgmgmtutils",
    "github.com/solo-io/go-utils/testutils",
    "github.com/solo-io/go-utils/testutils/clusterlock",
    "github.com/solo-io/go-utils/versionutils",
    "github.com/solo-io/solo-kit/pkg/api/v1/clients",
    "github.com/solo-io/solo-kit/pkg/api/v1/clients/factory",
    "github.com/solo-io/solo-kit/pkg/api/v1/clients/kube",
    "github.com/solo-io/solo-kit/pkg/api/v1/clients/kube/crd",
    "github.com/solo-io/solo-kit/pkg/api/v1/clients/memory",
    "github.com/solo-io/solo-kit/pkg/api/v1/eventloop",
    "github.com/solo-io/solo-kit/pkg/api/v1/reconcile",
    "github.com/solo-io/solo-kit/pkg/api/v1/resources",
    "github.com/solo-io/solo-kit/pkg/api/v1/resources/core",
    "github.com/solo-io/solo-kit/pkg/code-generator/cmd",
    "github.com/solo-io/solo-kit/pkg/code-generator/docgen/options",
    "github.com/solo-io/solo-kit/pkg/errors",
    "github.com/solo-io/solo-kit/test/helpers",
    "github.com/solo-io/solo-kit/test/tests/typed",
    "github.com/solo-io/solo-kit/test/testutils",
    "github.com/spf13/cobra",
    "github.com/spf13/pflag",
    "github.com/spf13/viper",
    "github.com/vishvananda/netlink/nl",
    "go.opencensus.io/stats",
    "go.opencensus.io/stats/view",
    "go.opencensus.io/tag",
    "go.opencensus.io/trace",
    "go.uber.org/zap",
    "golang.org/x/net/context",
    "google.golang.org/grpc",
    "gopkg.in/AlecAivazis/survey.v1",
    "gopkg.in/yaml.v2",
    "k8s.io/api/apps/v1",
    "k8s.io/api/core/v1",
    "k8s.io/api/rbac/v1",
    "k8s.io/apiextensions-apiserver/pkg/client/clientset/clientset",
    "k8s.io/apimachinery/pkg/api/errors",
    "k8s.io/apimachinery/pkg/apis/meta/v1",
    "k8s.io/apimachinery/pkg/runtime",
    "k8s.io/apimachinery/pkg/runtime/schema",
    "k8s.io/apimachinery/pkg/util/intstr",
    "k8s.io/client-go/kubernetes",
    "k8s.io/client-go/plugin/pkg/client/auth",
    "k8s.io/client-go/plugin/pkg/client/auth/gcp",
    "k8s.io/client-go/rest",
    "k8s.io/kubernetes/pkg/kubelet/apis/cri",
    "k8s.io/kubernetes/pkg/kubelet/apis/cri/runtime/v1alpha2",
    "k8s.io/kubernetes/pkg/kubelet/remote",
  ]
  solver-name = "gps-cdcl"
  solver-version = 1
